{
  "name": "deadunit-core",
  "version": "2.0.0",
  "dependencies": {
    "stack-trace": {
      "version": "0.0.7",
      "from": "stack-trace@0.0.7",
      "resolved": "https://registry.npmjs.org/stack-trace/-/stack-trace-0.0.7.tgz"
    },
    "stackinfo": {
      "version": "1.0.0",
      "from": "stackinfo@1.0.0",
      "resolved": "https://registry.npmjs.org/stackinfo/-/stackinfo-1.0.0.tgz",
      "dependencies": {
        "stacktrace-js": {
          "version": "0.6.0",
          "from": "https://github.com/stacktracejs/stacktrace.js/archive/b289dabc8a438ae24c26e0de0b2cb80de69b7988.tar.gz",
          "resolved": "https://github.com/stacktracejs/stacktrace.js/archive/b289dabc8a438ae24c26e0de0b2cb80de69b7988.tar.gz"
        }
      }
    },
    "proto": {
      "version": "1.0.8",
      "from": "proto@1.0.8",
      "dependencies": {
        "buildModules": {
          "version": "1.0.0",
          "from": "https://github.com/fresheneesz/buildModules/archive/2f50ea0830b0fa580c087b4bfa947de2e7b7d7c3.tar.gz",
          "resolved": "https://github.com/fresheneesz/buildModules/archive/2f50ea0830b0fa580c087b4bfa947de2e7b7d7c3.tar.gz",
          "dependencies": {
            "uglify-js": {
              "version": "2.4.12",
              "from": "uglify-js@~2.4.0",
              "dependencies": {
                "async": {
                  "version": "0.2.10",
                  "from": "async@~0.2.6"
                },
                "source-map": {
                  "version": "0.1.31",
                  "from": "source-map@~0.1.7",
                  "dependencies": {
                    "amdefine": {
                      "version": "0.1.0",
                      "from": "amdefine@>=0.0.4"
                    }
                  }
                },
                "optimist": {
                  "version": "0.3.7",
                  "from": "optimist@~0.3.5",
                  "dependencies": {
                    "wordwrap": {
                      "version": "0.0.2",
                      "from": "wordwrap@~0.0.2"
                    }
                  }
                },
                "uglify-to-browserify": {
                  "version": "1.0.1",
                  "from": "uglify-to-browserify@~1.0.0"
                }
              }
            }
          }
        }
      }
    },
    "build-modules": {
      "version": "1.0.6",
      "from": "build-modules@1.0.6",
      "resolved": "https://registry.npmjs.org/build-modules/-/build-modules-1.0.6.tgz",
      "dependencies": {
        "browserify": {
          "version": "3.24.1",
          "from": "browserify@",
          "dependencies": {
            "module-deps": {
              "version": "1.3.0",
              "from": "module-deps@~1.3.0",
              "dependencies": {
                "resolve": {
                  "version": "0.6.1",
                  "from": "resolve@~0.6.0",
                  "resolved": "https://registry.npmjs.org/resolve/-/resolve-0.6.1.tgz"
                },
                "detective": {
                  "version": "2.1.2",
                  "from": "detective@~2.1.2",
                  "dependencies": {
                    "esprima": {
                      "version": "1.0.2",
                      "from": "esprima@1.0.2",
                      "resolved": "https://registry.npmjs.org/esprima/-/esprima-1.0.2.tgz"
                    },
                    "escodegen": {
                      "version": "0.0.15",
                      "from": "escodegen@0.0.15",
                      "resolved": "https://registry.npmjs.org/escodegen/-/escodegen-0.0.15.tgz",
                      "dependencies": {
                        "source-map": {
                          "version": "0.1.31",
                          "from": "source-map@>= 0.1.2",
                          "resolved": "https://registry.npmjs.org/source-map/-/source-map-0.1.31.tgz",
                          "dependencies": {
                            "amdefine": {
                              "version": "0.1.0",
                              "from": "amdefine@>=0.0.4",
                              "resolved": "https://registry.npmjs.org/amdefine/-/amdefine-0.1.0.tgz"
                            }
                          }
                        }
                      }
                    }
                  }
                }
              }
            },
            "browser-pack": {
              "version": "2.0.1",
              "from": "browser-pack@~2.0.0",
              "dependencies": {
                "JSONStream": {
                  "version": "0.6.4",
                  "from": "JSONStream@~0.6.4",
                  "dependencies": {
                    "jsonparse": {
                      "version": "0.0.5",
                      "from": "jsonparse@0.0.5",
                      "resolved": "https://registry.npmjs.org/jsonparse/-/jsonparse-0.0.5.tgz"
                    },
                    "through": {
                      "version": "2.2.7",
                      "from": "through@~2.2.7"
                    }
                  }
                },
                "combine-source-map": {
                  "version": "0.3.0",
                  "from": "combine-source-map@~0.3.0",
                  "dependencies": {
                    "inline-source-map": {
                      "version": "0.3.0",
                      "from": "inline-source-map@~0.3.0"
                    },
                    "convert-source-map": {
                      "version": "0.3.3",
                      "from": "convert-source-map@~0.3.0"
                    },
                    "source-map": {
                      "version": "0.1.31",
                      "from": "source-map@~0.1.31",
                      "resolved": "https://registry.npmjs.org/source-map/-/source-map-0.1.31.tgz",
                      "dependencies": {
                        "amdefine": {
                          "version": "0.1.0",
                          "from": "amdefine@>=0.0.4",
                          "resolved": "https://registry.npmjs.org/amdefine/-/amdefine-0.1.0.tgz"
                        }
                      }
                    }
                  }
                }
              }
            },
            "deps-sort": {
              "version": "0.1.1",
              "from": "deps-sort@~0.1.1",
              "dependencies": {
                "JSONStream": {
                  "version": "0.6.4",
                  "from": "JSONStream@~0.6.4",
                  "dependencies": {
                    "jsonparse": {
                      "version": "0.0.5",
                      "from": "jsonparse@0.0.5",
                      "resolved": "https://registry.npmjs.org/jsonparse/-/jsonparse-0.0.5.tgz"
                    },
                    "through": {
                      "version": "2.2.7",
                      "from": "through@~2.2.7"
                    }
                  }
                }
              }
            },
            "shell-quote": {
              "version": "0.0.1",
              "from": "shell-quote@~0.0.1"
            },
            "through": {
              "version": "2.3.4",
              "from": "through@~2.3.4"
            },
            "duplexer": {
              "version": "0.1.1",
              "from": "duplexer@~0.1.1"
            },
            "stream-combiner": {
              "version": "0.0.4",
              "from": "stream-combiner@~0.0.2"
            },
            "concat-stream": {
              "version": "1.4.1",
              "from": "concat-stream@~1.4.1",
              "dependencies": {
                "typedarray": {
                  "version": "0.0.5",
                  "from": "typedarray@~0.0.5"
                },
                "readable-stream": {
                  "version": "1.1.10",
                  "from": "readable-stream@~1.1.9",
                  "dependencies": {
                    "core-util-is": {
                      "version": "1.0.1",
                      "from": "core-util-is@~1.0.0"
                    },
                    "debuglog": {
                      "version": "0.0.2",
                      "from": "debuglog@0.0.2",
                      "resolved": "https://registry.npmjs.org/debuglog/-/debuglog-0.0.2.tgz"
                    }
                  }
                }
              }
            },
            "insert-module-globals": {
              "version": "2.3.4",
              "from": "insert-module-globals@~2.3.0",
              "resolved": "https://registry.npmjs.org/insert-module-globals/-/insert-module-globals-2.3.4.tgz",
              "dependencies": {
                "commondir": {
                  "version": "0.0.1",
                  "from": "commondir@~0.0.1"
                },
                "lexical-scope": {
                  "version": "0.0.15",
                  "from": "lexical-scope@~0.0.14",
                  "dependencies": {
                    "astw": {
                      "version": "0.0.0",
                      "from": "astw@~0.0.0",
                      "dependencies": {
                        "esprima": {
                          "version": "1.0.2",
                          "from": "esprima@1.0.2",
                          "resolved": "https://registry.npmjs.org/esprima/-/esprima-1.0.2.tgz"
                        }
                      }
                    }
                  }
                },
                "process": {
                  "version": "0.5.2",
                  "from": "process@~0.5.1"
                }
              }
            },
            "syntax-error": {
              "version": "0.0.1",
              "from": "syntax-error@~0.0.0",
              "dependencies": {
                "esprima": {
                  "version": "0.9.9",
                  "from": "esprima@~0.9.9"
                }
              }
            },
            "browser-resolve": {
              "version": "1.2.2",
              "from": "browser-resolve@~1.2.1",
              "dependencies": {
                "resolve": {
                  "version": "0.6.1",
                  "from": "resolve@0.6.1",
                  "resolved": "https://registry.npmjs.org/resolve/-/resolve-0.6.1.tgz"
                }
              }
            },
            "inherits": {
              "version": "2.0.1",
              "from": "inherits@~2.0.1"
            },
            "JSONStream": {
              "version": "0.7.1",
              "from": "JSONStream@~0.7.1",
              "dependencies": {
                "jsonparse": {
                  "version": "0.0.5",
                  "from": "jsonparse@0.0.5",
                  "resolved": "https://registry.npmjs.org/jsonparse/-/jsonparse-0.0.5.tgz"
                },
                "through": {
                  "version": "2.2.7",
                  "from": "through@~2.2.7"
                }
              }
            },
            "umd": {
              "version": "2.0.0",
              "from": "umd@~2.0.0",
              "dependencies": {
                "rfile": {
                  "version": "1.0.0",
                  "from": "rfile@~1.0.0",
                  "dependencies": {
                    "callsite": {
                      "version": "1.0.0",
                      "from": "callsite@~1.0.0"
                    },
                    "resolve": {
                      "version": "0.3.1",
                      "from": "resolve@~0.3.0"
                    }
                  }
                },
                "ruglify": {
                  "version": "1.0.0",
                  "from": "ruglify@~1.0.0",
                  "dependencies": {
                    "uglify-js": {
                      "version": "2.2.5",
                      "from": "uglify-js@~2.2",
                      "dependencies": {
                        "source-map": {
                          "version": "0.1.31",
                          "from": "source-map@~0.1.7",
                          "resolved": "https://registry.npmjs.org/source-map/-/source-map-0.1.31.tgz",
                          "dependencies": {
                            "amdefine": {
                              "version": "0.1.0",
                              "from": "amdefine@>=0.0.4",
                              "resolved": "https://registry.npmjs.org/amdefine/-/amdefine-0.1.0.tgz"
                            }
                          }
                        },
                        "optimist": {
                          "version": "0.3.7",
                          "from": "optimist@~0.3.5",
                          "resolved": "https://registry.npmjs.org/optimist/-/optimist-0.3.7.tgz",
                          "dependencies": {
                            "wordwrap": {
                              "version": "0.0.2",
                              "from": "wordwrap@~0.0.2",
                              "resolved": "https://registry.npmjs.org/wordwrap/-/wordwrap-0.0.2.tgz"
                            }
                          }
                        }
                      }
                    }
                  }
                },
                "uglify-js": {
                  "version": "2.4.12",
                  "from": "uglify-js@~2.4.0",
                  "dependencies": {
                    "async": {
                      "version": "0.2.10",
                      "from": "async@~0.2.6"
                    },
                    "source-map": {
                      "version": "0.1.31",
                      "from": "source-map@~0.1.7",
                      "resolved": "https://registry.npmjs.org/source-map/-/source-map-0.1.31.tgz",
                      "dependencies": {
                        "amdefine": {
                          "version": "0.1.0",
                          "from": "amdefine@>=0.0.4",
                          "resolved": "https://registry.npmjs.org/amdefine/-/amdefine-0.1.0.tgz"
                        }
                      }
                    },
                    "optimist": {
                      "version": "0.3.7",
                      "from": "optimist@~0.3.5",
                      "resolved": "https://registry.npmjs.org/optimist/-/optimist-0.3.7.tgz",
                      "dependencies": {
                        "wordwrap": {
                          "version": "0.0.2",
                          "from": "wordwrap@~0.0.2",
                          "resolved": "https://registry.npmjs.org/wordwrap/-/wordwrap-0.0.2.tgz"
                        }
                      }
                    },
                    "uglify-to-browserify": {
                      "version": "1.0.1",
                      "from": "uglify-to-browserify@~1.0.0",
                      "resolved": "https://registry.npmjs.org/uglify-to-browserify/-/uglify-to-browserify-1.0.1.tgz"
                    }
                  }
                }
              }
            },
            "parents": {
              "version": "0.0.2",
              "from": "parents@~0.0.1"
            },
            "deep-equal": {
              "version": "0.1.2",
              "from": "deep-equal@~0.1.0"
            },
            "constants-browserify": {
              "version": "0.0.1",
              "from": "constants-browserify@~0.0.1"
            },
            "os-browserify": {
              "version": "0.1.1",
              "from": "os-browserify@~0.1.1"
            },
            "console-browserify": {
              "version": "1.0.3",
              "from": "console-browserify@~1.0.1"
            },
            "vm-browserify": {
              "version": "0.0.2",
              "from": "vm-browserify@~0.0.1",
              "dependencies": {
                "indexof": {
                  "version": "0.0.1",
                  "from": "indexof@0.0.1",
                  "resolved": "https://registry.npmjs.org/indexof/-/indexof-0.0.1.tgz"
                }
              }
            },
            "zlib-browserify": {
              "version": "0.0.3",
              "from": "zlib-browserify@~0.0.3",
              "dependencies": {
                "tape": {
                  "version": "0.2.2",
                  "from": "tape@~0.2.2",
                  "dependencies": {
                    "jsonify": {
                      "version": "0.0.0",
                      "from": "jsonify@~0.0.0"
                    },
                    "deep-equal": {
                      "version": "0.0.0",
                      "from": "deep-equal@~0.0.0"
                    }
                  }
                }
              }
            },
            "assert": {
              "version": "1.1.0",
              "from": "assert@~1.1.0"
            },
            "http-browserify": {
              "version": "1.1.0",
              "from": "http-browserify@~1.1.0",
              "dependencies": {
                "Base64": {
                  "version": "0.2.0",
                  "from": "Base64@~0.2.0"
                }
              }
            },
            "crypto-browserify": {
              "version": "1.0.9",
              "from": "crypto-browserify@~1.0.9"
            },
            "util": {
              "version": "0.10.2",
              "from": "util@~0.10.1"
            },
            "events": {
              "version": "1.0.0",
              "from": "events@~1.0.0"
            },
            "native-buffer-browserify": {
              "version": "2.0.15",
              "from": "native-buffer-browserify@~2.0.0",
              "resolved": "https://registry.npmjs.org/native-buffer-browserify/-/native-buffer-browserify-2.0.15.tgz",
              "dependencies": {
                "base64-js": {
                  "version": "0.0.6",
                  "from": "base64-js@~0.0.4"
                },
                "ieee754": {
                  "version": "1.1.1",
                  "from": "ieee754@~1.1.1"
                }
              }
            },
            "url": {
              "version": "0.7.9",
              "from": "url@~0.7.9",
              "dependencies": {
                "querystring": {
                  "version": "0.1.0",
                  "from": "querystring@>=0.1.0 <0.2.0"
                },
                "punycode": {
                  "version": "1.0.0",
                  "from": "punycode@>=1.0.0 <1.1.0"
                }
              }
            },
            "https-browserify": {
              "version": "0.0.0",
              "from": "https-browserify@~0.0.0"
            },
            "path-browserify": {
              "version": "0.0.0",
              "from": "path-browserify@~0.0.0"
            },
            "querystring": {
              "version": "0.2.0",
              "from": "https://github.com/substack/querystring/archive/0.2.0-ie8.tar.gz",
              "resolved": "https://github.com/substack/querystring/archive/0.2.0-ie8.tar.gz"
            },
            "stream-browserify": {
              "version": "0.1.3",
              "from": "stream-browserify@~0.1.0",
              "resolved": "https://registry.npmjs.org/stream-browserify/-/stream-browserify-0.1.3.tgz",
              "dependencies": {
                "process": {
                  "version": "0.5.2",
                  "from": "process@~0.5.1"
                }
              }
            },
            "string_decoder": {
              "version": "0.0.1",
              "from": "string_decoder@~0.0.0"
            },
            "tty-browserify": {
              "version": "0.0.0",
              "from": "tty-browserify@~0.0.0"
            },
            "timers-browserify": {
              "version": "1.0.1",
              "from": "timers-browserify@~1.0.1",
              "dependencies": {
                "process": {
                  "version": "0.5.2",
                  "from": "process@~0.5.1"
                }
              }
            },
            "punycode": {
              "version": "1.2.3",
              "from": "punycode@~1.2.3"
            },
            "defined": {
              "version": "0.0.0",
              "from": "defined@~0.0.0"
            },
            "domain-browser": {
              "version": "1.1.1",
              "from": "domain-browser@~1.1.0"
            },
            "minimist": {
              "version": "0.0.5",
              "from": "minimist@~0.0.5"
            },
            "derequire": {
              "version": "0.5.1",
              "from": "derequire@~0.5.1",
              "dependencies": {
                "estraverse": {
                  "version": "1.5.0",
                  "from": "estraverse@~1.5.0"
                },
                "esprima": {
                  "version": "1.0.4",
                  "from": "esprima@~1.0.4"
                },
                "esrefactor": {
                  "version": "0.1.0",
                  "from": "esrefactor@~0.1.0",
                  "dependencies": {
                    "estraverse": {
                      "version": "0.0.4",
                      "from": "estraverse@~0.0.4"
                    },
                    "escope": {
                      "version": "0.0.16",
                      "from": "escope@~0.0.13"
                    }
                  }
                }
              }
            }
          }
        },
        "minifyify": {
          "version": "1.1.2",
          "from": "minifyify@",
          "dependencies": {
            "through": {
              "version": "2.3.4",
              "from": "through@2.3.x"
            },
            "concat-stream": {
              "version": "1.1.0",
              "from": "concat-stream@1.1.x",
              "dependencies": {
                "bops": {
                  "version": "0.0.6",
                  "from": "bops@0.0.6",
                  "resolved": "https://registry.npmjs.org/bops/-/bops-0.0.6.tgz",
                  "dependencies": {
                    "base64-js": {
                      "version": "0.0.2",
                      "from": "base64-js@0.0.2",
                      "resolved": "https://registry.npmjs.org/base64-js/-/base64-js-0.0.2.tgz"
                    },
                    "to-utf8": {
                      "version": "0.0.1",
                      "from": "to-utf8@0.0.1",
                      "resolved": "https://registry.npmjs.org/to-utf8/-/to-utf8-0.0.1.tgz"
                    }
                  }
                }
              }
            },
            "source-map": {
              "version": "0.1.31",
              "from": "source-map@~0.1.7",
              "dependencies": {
                "amdefine": {
                  "version": "0.1.0",
                  "from": "amdefine@>=0.0.4"
                }
              }
            },
            "uglify-js": {
              "version": "2.3.6",
              "from": "https://github.com/ben-ng/UglifyJS2/archive/sourcemap-offset-fix.tar.gz",
              "resolved": "https://github.com/ben-ng/UglifyJS2/archive/sourcemap-offset-fix.tar.gz",
              "dependencies": {
                "async": {
                  "version": "0.2.10",
                  "from": "async@~0.2.6"
                },
                "optimist": {
                  "version": "0.3.7",
                  "from": "optimist@~0.3.5",
                  "dependencies": {
                    "wordwrap": {
                      "version": "0.0.2",
                      "from": "wordwrap@~0.0.2"
                    }
                  }
                },
                "uglify-to-browserify": {
                  "version": "1.0.1",
                  "from": "uglify-to-browserify@~1.0.0"
                }
              }
            },
            "lodash": {
              "version": "2.3.0",
              "from": "lodash@2.3.x"
            },
            "utilities": {
              "version": "0.0.29",
              "from": "utilities@0.0.x"
            },
            "atob": {
              "version": "1.1.0",
              "from": "atob@1.1.x"
            },
            "btoa": {
              "version": "1.1.1",
              "from": "btoa@1.1.x"
            },
            "jsesc": {
              "version": "0.4.3",
              "from": "jsesc@0.4.x"
            }
          }
        }
      }
    }
  }
}
